
Microsoft Visual Studio Solution File, Format Version 12.00
# Visual Studio Version 16
VisualStudioVersion = 16.0.33423.256
MinimumVisualStudioVersion = 10.0.40219.1
Project("{FAE04EC0-301F-11D3-BF4B-00C04F79EFBC}") = "QLTVAPI", "QLTVAPI\QLTVAPI.csproj", "{50008076-633F-43C2-AD5C-E4D03F116226}"
EndProject
Global
	GlobalSection(SolutionConfigurationPlatforms) = preSolution
		Debug|Any CPU = Debug|Any CPU
		Release|Any CPU = Release|Any CPU
	EndGlobalSection
	GlobalSection(ProjectConfigurationPlatforms) = postSolution
		{50008076-633F-43C2-AD5C-E4D03F116226}.Debug|Any CPU.ActiveCfg = Debug|Any CPU
		{50008076-633F-43C2-AD5C-E4D03F116226}.Debug|Any CPU.Build.0 = Debug|Any CPU
		{50008076-633F-43C2-AD5C-E4D03F116226}.Release|Any CPU.ActiveCfg = Release|Any CPU
		{50008076-633F-43C2-AD5C-E4D03F116226}.Release|Any CPU.Build.0 = Release|Any CPU
	EndGlobalSection
	GlobalSection(SolutionProperties) = preSolution
		HideSolutionNode = FALSE
	EndGlobalSection
	GlobalSection(ExtensibilityGlobals) = postSolution
		SolutionGuid = {1FB3BD9D-2E09-46AC-B3BC-F6ABDC29E029}
	EndGlobalSection
EndGlobal
